{
  "originHash" : "ad7f1a9ff50ce1c8e8825911e546c5f8b2748cf1449c36a8f67e42369dabdb7a",
  "pins" : [
    {
      "identity" : "h",
      "kind" : "remoteSourceControl",
      "location" : "https://github.com/rarestype/h",
      "state" : {
        "revision" : "aa3626829160917d4378330617971977cbd78f5b",
        "version" : "1.0.1"
      }
    },
    {
      "identity" : "swift-png",
      "kind" : "remoteSourceControl",
      "location" : "https://github.com/tayloraswift/swift-png",
      "state" : {
        "revision" : "8a0bcd4df5e4b307c804937776a56dd6ecdf6396",
        "version" : "4.5.1"
      }
    }
  ],
  "version" : 3
}
